
Microsoft Visual Studio Solution File, Format Version 12.00
# Visual Studio Version 16
VisualStudioVersion = 16.0.32802.440
MinimumVisualStudioVersion = 10.0.40219.1
Project("{FAE04EC0-301F-11D3-BF4B-00C04F79EFBC}") = "CapaPresentacion", "CapaPresentacion.csproj", "{605CD5BA-14C9-403B-BD71-9D3DE4308510}"
EndProject
Project("{FAE04EC0-301F-11D3-BF4B-00C04F79EFBC}") = "CapaNegocios", "CapaNegocios\CapaNegocios.csproj", "{F508E7AF-919B-41B6-B069-2B9D506703D5}"
EndProject
Project("{FAE04EC0-301F-11D3-BF4B-00C04F79EFBC}") = "CapaEntidad", "CapaEntidad\CapaEntidad.csproj", "{2F92B37F-5550-48C1-ABA5-B0DAB1C59347}"
EndProject
Project("{FAE04EC0-301F-11D3-BF4B-00C04F79EFBC}") = "CapaDatos", "CapaDatos\CapaDatos.csproj", "{6CBBC442-48BF-4CF2-84BD-78B3E74E6C2F}"
EndProject
Global
	GlobalSection(SolutionConfigurationPlatforms) = preSolution
		Debug|Any CPU = Debug|Any CPU
		Release|Any CPU = Release|Any CPU
	EndGlobalSection
	GlobalSection(ProjectConfigurationPlatforms) = postSolution
		{605CD5BA-14C9-403B-BD71-9D3DE4308510}.Debug|Any CPU.ActiveCfg = Debug|Any CPU
		{605CD5BA-14C9-403B-BD71-9D3DE4308510}.Debug|Any CPU.Build.0 = Debug|Any CPU
		{605CD5BA-14C9-403B-BD71-9D3DE4308510}.Release|Any CPU.ActiveCfg = Release|Any CPU
		{605CD5BA-14C9-403B-BD71-9D3DE4308510}.Release|Any CPU.Build.0 = Release|Any CPU
		{F508E7AF-919B-41B6-B069-2B9D506703D5}.Debug|Any CPU.ActiveCfg = Debug|Any CPU
		{F508E7AF-919B-41B6-B069-2B9D506703D5}.Debug|Any CPU.Build.0 = Debug|Any CPU
		{F508E7AF-919B-41B6-B069-2B9D506703D5}.Release|Any CPU.ActiveCfg = Release|Any CPU
		{F508E7AF-919B-41B6-B069-2B9D506703D5}.Release|Any CPU.Build.0 = Release|Any CPU
		{2F92B37F-5550-48C1-ABA5-B0DAB1C59347}.Debug|Any CPU.ActiveCfg = Debug|Any CPU
		{2F92B37F-5550-48C1-ABA5-B0DAB1C59347}.Debug|Any CPU.Build.0 = Debug|Any CPU
		{2F92B37F-5550-48C1-ABA5-B0DAB1C59347}.Release|Any CPU.ActiveCfg = Release|Any CPU
		{2F92B37F-5550-48C1-ABA5-B0DAB1C59347}.Release|Any CPU.Build.0 = Release|Any CPU
		{6CBBC442-48BF-4CF2-84BD-78B3E74E6C2F}.Debug|Any CPU.ActiveCfg = Debug|Any CPU
		{6CBBC442-48BF-4CF2-84BD-78B3E74E6C2F}.Debug|Any CPU.Build.0 = Debug|Any CPU
		{6CBBC442-48BF-4CF2-84BD-78B3E74E6C2F}.Release|Any CPU.ActiveCfg = Release|Any CPU
		{6CBBC442-48BF-4CF2-84BD-78B3E74E6C2F}.Release|Any CPU.Build.0 = Release|Any CPU
	EndGlobalSection
	GlobalSection(SolutionProperties) = preSolution
		HideSolutionNode = FALSE
	EndGlobalSection
	GlobalSection(ExtensibilityGlobals) = postSolution
		SolutionGuid = {E1C259FB-B81A-476E-8B2F-8F46A8205C57}
	EndGlobalSection
EndGlobal
